
Microsoft Visual Studio Solution File, Format Version 12.00
# Visual Studio Version 16
VisualStudioVersion = 16.0.31205.134
MinimumVisualStudioVersion = 10.0.40219.1
Project("{FAE04EC0-301F-11D3-BF4B-00C04F79EFBC}") = "ConsoleClient1", "ConsoleClient1\ConsoleClient1.csproj", "{4AA04B8A-DB35-4C80-AA7C-52D1B494B66D}"
EndProject
Global
	GlobalSection(SolutionConfigurationPlatforms) = preSolution
		Debug|Any CPU = Debug|Any CPU
		Release|Any CPU = Release|Any CPU
	EndGlobalSection
	GlobalSection(ProjectConfigurationPlatforms) = postSolution
		{4AA04B8A-DB35-4C80-AA7C-52D1B494B66D}.Debug|Any CPU.ActiveCfg = Debug|Any CPU
		{4AA04B8A-DB35-4C80-AA7C-52D1B494B66D}.Debug|Any CPU.Build.0 = Debug|Any CPU
		{4AA04B8A-DB35-4C80-AA7C-52D1B494B66D}.Release|Any CPU.ActiveCfg = Release|Any CPU
		{4AA04B8A-DB35-4C80-AA7C-52D1B494B66D}.Release|Any CPU.Build.0 = Release|Any CPU
	EndGlobalSection
	GlobalSection(SolutionProperties) = preSolution
		HideSolutionNode = FALSE
	EndGlobalSection
	GlobalSection(ExtensibilityGlobals) = postSolution
		SolutionGuid = {655B6904-FFAB-42CE-AA05-A14FC8F6E656}
	EndGlobalSection
EndGlobal
